
Microsoft Visual Studio Solution File, Format Version 12.00
# Visual Studio Version 17
VisualStudioVersion = 17.9.34714.143
MinimumVisualStudioVersion = 10.0.40219.1
Project("{FAE04EC0-301F-11D3-BF4B-00C04F79EFBC}") = "MySdk", "MySdk\MySdk.csproj", "{E9C432F4-20B3-4BB1-90A3-82FCF77047C0}"
EndProject
Project("{FAE04EC0-301F-11D3-BF4B-00C04F79EFBC}") = "ConsoleApp1", "ConsoleApp1\ConsoleApp1.csproj", "{839A0EE5-7104-409F-82A4-E1A0F8434686}"
EndProject
Project("{2150E333-8FDC-42A3-9474-1A3956D46DE8}") = "解决方案项", "解决方案项", "{1771A687-1A1A-401E-B760-7D7DC6D24707}"
	ProjectSection(SolutionItems) = preProject
		NuGet.Config = NuGet.Config
	EndProjectSection
EndProject
Global
	GlobalSection(SolutionConfigurationPlatforms) = preSolution
		Debug|Any CPU = Debug|Any CPU
		Release|Any CPU = Release|Any CPU
	EndGlobalSection
	GlobalSection(ProjectConfigurationPlatforms) = postSolution
		{E9C432F4-20B3-4BB1-90A3-82FCF77047C0}.Debug|Any CPU.ActiveCfg = Debug|Any CPU
		{E9C432F4-20B3-4BB1-90A3-82FCF77047C0}.Debug|Any CPU.Build.0 = Debug|Any CPU
		{E9C432F4-20B3-4BB1-90A3-82FCF77047C0}.Release|Any CPU.ActiveCfg = Release|Any CPU
		{E9C432F4-20B3-4BB1-90A3-82FCF77047C0}.Release|Any CPU.Build.0 = Release|Any CPU
		{839A0EE5-7104-409F-82A4-E1A0F8434686}.Debug|Any CPU.ActiveCfg = Debug|Any CPU
		{839A0EE5-7104-409F-82A4-E1A0F8434686}.Debug|Any CPU.Build.0 = Debug|Any CPU
		{839A0EE5-7104-409F-82A4-E1A0F8434686}.Release|Any CPU.ActiveCfg = Release|Any CPU
		{839A0EE5-7104-409F-82A4-E1A0F8434686}.Release|Any CPU.Build.0 = Release|Any CPU
	EndGlobalSection
	GlobalSection(SolutionProperties) = preSolution
		HideSolutionNode = FALSE
	EndGlobalSection
	GlobalSection(ExtensibilityGlobals) = postSolution
		SolutionGuid = {4D454251-6241-47E6-A092-4D50A7ADD33E}
	EndGlobalSection
EndGlobal
